
Microsoft Visual Studio Solution File, Format Version 12.00
# Visual Studio 2015
Project("{FAE04EC0-301F-11D3-BF4B-00C04F79EFBC}") = "ai-prototype", "ai-prototype.csproj", "{B2FD6486-F4B0-1B7B-F359-0FE36040F457}"
EndProject
Global
	GlobalSection(SolutionConfigurationPlatforms) = preSolution
		Debug|Any CPU = Debug|Any CPU
		Release|Any CPU = Release|Any CPU
	EndGlobalSection
	GlobalSection(ProjectConfigurationPlatforms) = postSolution
		{B2FD6486-F4B0-1B7B-F359-0FE36040F457}.Debug|Any CPU.ActiveCfg = Debug|Any CPU
		{B2FD6486-F4B0-1B7B-F359-0FE36040F457}.Debug|Any CPU.Build.0 = Debug|Any CPU
		{B2FD6486-F4B0-1B7B-F359-0FE36040F457}.Release|Any CPU.ActiveCfg = Release|Any CPU
		{B2FD6486-F4B0-1B7B-F359-0FE36040F457}.Release|Any CPU.Build.0 = Release|Any CPU
	EndGlobalSection
	GlobalSection(SolutionProperties) = preSolution
		HideSolutionNode = FALSE
	EndGlobalSection
EndGlobal
